
Microsoft Visual Studio Solution File, Format Version 12.00
# Visual Studio Version 17
VisualStudioVersion = 17.4.33213.308
MinimumVisualStudioVersion = 10.0.40219.1
Project("{8BC9CEB8-8B4A-11D0-8D11-00A0C91BC942}") = "Lyse", "vs\Lyse\Lyse.vcxproj", "{595F8DDF-D244-4BB5-9749-7CCE2BE302DF}"
EndProject
Project("{8BC9CEB8-8B4A-11D0-8D11-00A0C91BC942}") = "LyseExamples", "vs\LyseExamples\LyseExamples.vcxproj", "{0587438D-1AD2-44B3-BEE2-A8F308280608}"
EndProject
Global
	GlobalSection(SolutionConfigurationPlatforms) = preSolution
		Debug|x64 = Debug|x64
		Debug|x86 = Debug|x86
		Release|x64 = Release|x64
		Release|x86 = Release|x86
	EndGlobalSection
	GlobalSection(ProjectConfigurationPlatforms) = postSolution
		{595F8DDF-D244-4BB5-9749-7CCE2BE302DF}.Debug|x64.ActiveCfg = Debug|x64
		{595F8DDF-D244-4BB5-9749-7CCE2BE302DF}.Debug|x64.Build.0 = Debug|x64
		{595F8DDF-D244-4BB5-9749-7CCE2BE302DF}.Debug|x86.ActiveCfg = Debug|Win32
		{595F8DDF-D244-4BB5-9749-7CCE2BE302DF}.Debug|x86.Build.0 = Debug|Win32
		{595F8DDF-D244-4BB5-9749-7CCE2BE302DF}.Release|x64.ActiveCfg = Release|x64
		{595F8DDF-D244-4BB5-9749-7CCE2BE302DF}.Release|x64.Build.0 = Release|x64
		{595F8DDF-D244-4BB5-9749-7CCE2BE302DF}.Release|x86.ActiveCfg = Release|Win32
		{595F8DDF-D244-4BB5-9749-7CCE2BE302DF}.Release|x86.Build.0 = Release|Win32
		{0587438D-1AD2-44B3-BEE2-A8F308280608}.Debug|x64.ActiveCfg = Debug|x64
		{0587438D-1AD2-44B3-BEE2-A8F308280608}.Debug|x64.Build.0 = Debug|x64
		{0587438D-1AD2-44B3-BEE2-A8F308280608}.Debug|x86.ActiveCfg = Debug|Win32
		{0587438D-1AD2-44B3-BEE2-A8F308280608}.Debug|x86.Build.0 = Debug|Win32
		{0587438D-1AD2-44B3-BEE2-A8F308280608}.Release|x64.ActiveCfg = Release|x64
		{0587438D-1AD2-44B3-BEE2-A8F308280608}.Release|x64.Build.0 = Release|x64
		{0587438D-1AD2-44B3-BEE2-A8F308280608}.Release|x86.ActiveCfg = Release|Win32
		{0587438D-1AD2-44B3-BEE2-A8F308280608}.Release|x86.Build.0 = Release|Win32
	EndGlobalSection
	GlobalSection(SolutionProperties) = preSolution
		HideSolutionNode = FALSE
	EndGlobalSection
	GlobalSection(ExtensibilityGlobals) = postSolution
		SolutionGuid = {C62FD39B-25F7-4AA5-B458-FE5E0BF47F53}
	EndGlobalSection
EndGlobal
